
Microsoft Visual Studio Solution File, Format Version 12.00
# Visual Studio Version 16
VisualStudioVersion = 16.0.31105.61
MinimumVisualStudioVersion = 10.0.40219.1
Project("{FAE04EC0-301F-11D3-BF4B-00C04F79EFBC}") = "ContosoUniversity", "ContosoUniversity.csproj", "{012CEA9C-FBEA-4DD9-99FE-75EC77DA8D0D}"
EndProject
Global
	GlobalSection(SolutionConfigurationPlatforms) = preSolution
		Debug|Any CPU = Debug|Any CPU
		Release|Any CPU = Release|Any CPU
	EndGlobalSection
	GlobalSection(ProjectConfigurationPlatforms) = postSolution
		{012CEA9C-FBEA-4DD9-99FE-75EC77DA8D0D}.Debug|Any CPU.ActiveCfg = Debug|Any CPU
		{012CEA9C-FBEA-4DD9-99FE-75EC77DA8D0D}.Debug|Any CPU.Build.0 = Debug|Any CPU
		{012CEA9C-FBEA-4DD9-99FE-75EC77DA8D0D}.Release|Any CPU.ActiveCfg = Release|Any CPU
		{012CEA9C-FBEA-4DD9-99FE-75EC77DA8D0D}.Release|Any CPU.Build.0 = Release|Any CPU
	EndGlobalSection
	GlobalSection(SolutionProperties) = preSolution
		HideSolutionNode = FALSE
	EndGlobalSection
	GlobalSection(ExtensibilityGlobals) = postSolution
		SolutionGuid = {D4281F7C-8E1C-4876-B478-EA80D10CF374}
	EndGlobalSection
EndGlobal
